
Microsoft Visual Studio Solution File, Format Version 12.00
# Visual Studio Version 16
VisualStudioVersion = 16.0.31702.278
MinimumVisualStudioVersion = 10.0.40219.1
Project("{FAE04EC0-301F-11D3-BF4B-00C04F79EFBC}") = "PRG282_Project", "PRG282_Project\PRG282_Project.csproj", "{CC5A499E-3A3C-4E34-9A2C-C17B0BE239F4}"
EndProject
Global
	GlobalSection(SolutionConfigurationPlatforms) = preSolution
		Debug|Any CPU = Debug|Any CPU
		Release|Any CPU = Release|Any CPU
	EndGlobalSection
	GlobalSection(ProjectConfigurationPlatforms) = postSolution
		{CC5A499E-3A3C-4E34-9A2C-C17B0BE239F4}.Debug|Any CPU.ActiveCfg = Debug|Any CPU
		{CC5A499E-3A3C-4E34-9A2C-C17B0BE239F4}.Debug|Any CPU.Build.0 = Debug|Any CPU
		{CC5A499E-3A3C-4E34-9A2C-C17B0BE239F4}.Release|Any CPU.ActiveCfg = Release|Any CPU
		{CC5A499E-3A3C-4E34-9A2C-C17B0BE239F4}.Release|Any CPU.Build.0 = Release|Any CPU
	EndGlobalSection
	GlobalSection(SolutionProperties) = preSolution
		HideSolutionNode = FALSE
	EndGlobalSection
	GlobalSection(ExtensibilityGlobals) = postSolution
		SolutionGuid = {1A13DA08-CEFA-4D70-94AC-BEE957FD694E}
	EndGlobalSection
EndGlobal
